
Microsoft Visual Studio Solution File, Format Version 12.00
# Visual Studio 15
VisualStudioVersion = 15.0.28307.438
MinimumVisualStudioVersion = 10.0.40219.1
Project("{FAE04EC0-301F-11D3-BF4B-00C04F79EFBC}") = "TestGitapp", "TestGitapp\TestGitapp.csproj", "{079C23E3-C196-4405-A91F-3B4DA4956381}"
EndProject
Global
	GlobalSection(SolutionConfigurationPlatforms) = preSolution
		Debug|Any CPU = Debug|Any CPU
		Release|Any CPU = Release|Any CPU
	EndGlobalSection
	GlobalSection(ProjectConfigurationPlatforms) = postSolution
		{079C23E3-C196-4405-A91F-3B4DA4956381}.Debug|Any CPU.ActiveCfg = Debug|Any CPU
		{079C23E3-C196-4405-A91F-3B4DA4956381}.Debug|Any CPU.Build.0 = Debug|Any CPU
		{079C23E3-C196-4405-A91F-3B4DA4956381}.Release|Any CPU.ActiveCfg = Release|Any CPU
		{079C23E3-C196-4405-A91F-3B4DA4956381}.Release|Any CPU.Build.0 = Release|Any CPU
	EndGlobalSection
	GlobalSection(SolutionProperties) = preSolution
		HideSolutionNode = FALSE
	EndGlobalSection
	GlobalSection(ExtensibilityGlobals) = postSolution
		SolutionGuid = {62D6B00A-88FE-464E-90AE-FB9932535243}
	EndGlobalSection
EndGlobal
